
Microsoft Visual Studio Solution File, Format Version 12.00
# Visual Studio Version 16
VisualStudioVersion = 16.0.29306.81
MinimumVisualStudioVersion = 10.0.40219.1
Project("{FAE04EC0-301F-11D3-BF4B-00C04F79EFBC}") = "Banking", "Banking\Banking.csproj", "{FE6C1FA1-6CA2-4783-951C-C23C70D6EABB}"
EndProject
Global
	GlobalSection(SolutionConfigurationPlatforms) = preSolution
		Debug|Any CPU = Debug|Any CPU
		Release|Any CPU = Release|Any CPU
	EndGlobalSection
	GlobalSection(ProjectConfigurationPlatforms) = postSolution
		{FE6C1FA1-6CA2-4783-951C-C23C70D6EABB}.Debug|Any CPU.ActiveCfg = Debug|Any CPU
		{FE6C1FA1-6CA2-4783-951C-C23C70D6EABB}.Debug|Any CPU.Build.0 = Debug|Any CPU
		{FE6C1FA1-6CA2-4783-951C-C23C70D6EABB}.Release|Any CPU.ActiveCfg = Release|Any CPU
		{FE6C1FA1-6CA2-4783-951C-C23C70D6EABB}.Release|Any CPU.Build.0 = Release|Any CPU
	EndGlobalSection
	GlobalSection(SolutionProperties) = preSolution
		HideSolutionNode = FALSE
	EndGlobalSection
	GlobalSection(ExtensibilityGlobals) = postSolution
		SolutionGuid = {439D5B43-C74A-4DEE-A451-99748AAE52C6}
	EndGlobalSection
EndGlobal
